
Microsoft Visual Studio Solution File, Format Version 12.00
# Visual Studio 15
VisualStudioVersion = 15.0.27130.2020
MinimumVisualStudioVersion = 10.0.40219.1
Project("{8BC9CEB8-8B4A-11D0-8D11-00A0C91BC942}") = "BuildMonitorServer", "BuildMonitorServer\BuildMonitorServer.vcxproj", "{F26A5EDD-CCE8-46CE-BC12-71856D81B91D}"
EndProject
Project("{8BC9CEB8-8B4A-11D0-8D11-00A0C91BC942}") = "BuildMonitor", "BuildMonitor\BuildMonitor.vcxproj", "{B6997560-090C-3937-A78F-4E437E3C4BA5}"
EndProject
Global
	GlobalSection(SolutionConfigurationPlatforms) = preSolution
		Debug|x64 = Debug|x64
		Release|x64 = Release|x64
	EndGlobalSection
	GlobalSection(ProjectConfigurationPlatforms) = postSolution
		{F26A5EDD-CCE8-46CE-BC12-71856D81B91D}.Debug|x64.ActiveCfg = Debug|x64
		{F26A5EDD-CCE8-46CE-BC12-71856D81B91D}.Debug|x64.Build.0 = Debug|x64
		{F26A5EDD-CCE8-46CE-BC12-71856D81B91D}.Release|x64.ActiveCfg = Release|x64
		{F26A5EDD-CCE8-46CE-BC12-71856D81B91D}.Release|x64.Build.0 = Release|x64
		{B6997560-090C-3937-A78F-4E437E3C4BA5}.Debug|x64.ActiveCfg = Debug|x64
		{B6997560-090C-3937-A78F-4E437E3C4BA5}.Debug|x64.Build.0 = Debug|x64
		{B6997560-090C-3937-A78F-4E437E3C4BA5}.Release|x64.ActiveCfg = Release|x64
		{B6997560-090C-3937-A78F-4E437E3C4BA5}.Release|x64.Build.0 = Release|x64
	EndGlobalSection
	GlobalSection(SolutionProperties) = preSolution
		HideSolutionNode = FALSE
	EndGlobalSection
	GlobalSection(ExtensibilityGlobals) = postSolution
		SolutionGuid = {142B6F48-2A4B-4AAB-86E0-B94BEAE44F70}
	EndGlobalSection
EndGlobal
